
Microsoft Visual Studio Solution File, Format Version 12.00
# Visual Studio 15
VisualStudioVersion = 15.0.26730.3
MinimumVisualStudioVersion = 10.0.40219.1
Project("{FAE04EC0-301F-11D3-BF4B-00C04F79EFBC}") = "HomeBudgetApp", "HomeBudgetApp\HomeBudgetApp.csproj", "{7DA560B6-80B5-45DF-9627-D7929779101B}"
EndProject
Project("{FAE04EC0-301F-11D3-BF4B-00C04F79EFBC}") = "LibHomeBudget", "LibHomeBudget\LibHomeBudget.csproj", "{7FCA5CCC-F607-4B2F-9B01-46CA134E47A5}"
EndProject
Project("{FAE04EC0-301F-11D3-BF4B-00C04F79EFBC}") = "AppInitializeDb", "AppInitializeDb\AppInitializeDb.csproj", "{6B88C923-3249-4954-B9DE-1285AC39A45C}"
EndProject
Project("{FAE04EC0-301F-11D3-BF4B-00C04F79EFBC}") = "HomeBudgetMobile.Android", "HomeBudgetMobile\HomeBudgetMobile.Android\HomeBudgetMobile.Android.csproj", "{75F0D5E5-7B8F-4404-B654-B6231988EC4E}"
EndProject
Project("{FAE04EC0-301F-11D3-BF4B-00C04F79EFBC}") = "HomeBudgetMobile.UWP", "HomeBudgetMobile\HomeBudgetMobile.UWP\HomeBudgetMobile.UWP.csproj", "{F79FBFD4-811A-4B6B-915E-1B939577BE48}"
EndProject
Project("{FAE04EC0-301F-11D3-BF4B-00C04F79EFBC}") = "HomeBudgetMobile", "HomeBudgetMobile.Core\HomeBudgetMobile.csproj", "{9B7895C8-CB21-4732-AC02-C34F751FB32A}"
EndProject
Global
	GlobalSection(SolutionConfigurationPlatforms) = preSolution
		Ad-Hoc|Any CPU = Ad-Hoc|Any CPU
		Ad-Hoc|ARM = Ad-Hoc|ARM
		Ad-Hoc|iPhone = Ad-Hoc|iPhone
		Ad-Hoc|iPhoneSimulator = Ad-Hoc|iPhoneSimulator
		Ad-Hoc|x64 = Ad-Hoc|x64
		Ad-Hoc|x86 = Ad-Hoc|x86
		AppStore|Any CPU = AppStore|Any CPU
		AppStore|ARM = AppStore|ARM
		AppStore|iPhone = AppStore|iPhone
		AppStore|iPhoneSimulator = AppStore|iPhoneSimulator
		AppStore|x64 = AppStore|x64
		AppStore|x86 = AppStore|x86
		Debug|Any CPU = Debug|Any CPU
		Debug|ARM = Debug|ARM
		Debug|iPhone = Debug|iPhone
		Debug|iPhoneSimulator = Debug|iPhoneSimulator
		Debug|x64 = Debug|x64
		Debug|x86 = Debug|x86
		Release|Any CPU = Release|Any CPU
		Release|ARM = Release|ARM
		Release|iPhone = Release|iPhone
		Release|iPhoneSimulator = Release|iPhoneSimulator
		Release|x64 = Release|x64
		Release|x86 = Release|x86
	EndGlobalSection
	GlobalSection(ProjectConfigurationPlatforms) = postSolution
		{7DA560B6-80B5-45DF-9627-D7929779101B}.Ad-Hoc|Any CPU.ActiveCfg = Release|Any CPU
		{7DA560B6-80B5-45DF-9627-D7929779101B}.Ad-Hoc|Any CPU.Build.0 = Release|Any CPU
		{7DA560B6-80B5-45DF-9627-D7929779101B}.Ad-Hoc|ARM.ActiveCfg = Release|Any CPU
		{7DA560B6-80B5-45DF-9627-D7929779101B}.Ad-Hoc|ARM.Build.0 = Release|Any CPU
		{7DA560B6-80B5-45DF-9627-D7929779101B}.Ad-Hoc|iPhone.ActiveCfg = Release|Any CPU
		{7DA560B6-80B5-45DF-9627-D7929779101B}.Ad-Hoc|iPhone.Build.0 = Release|Any CPU
		{7DA560B6-80B5-45DF-9627-D7929779101B}.Ad-Hoc|iPhoneSimulator.ActiveCfg = Release|Any CPU
		{7DA560B6-80B5-45DF-9627-D7929779101B}.Ad-Hoc|iPhoneSimulator.Build.0 = Release|Any CPU
		{7DA560B6-80B5-45DF-9627-D7929779101B}.Ad-Hoc|x64.ActiveCfg = Release|Any CPU
		{7DA560B6-80B5-45DF-9627-D7929779101B}.Ad-Hoc|x64.Build.0 = Release|Any CPU
		{7DA560B6-80B5-45DF-9627-D7929779101B}.Ad-Hoc|x86.ActiveCfg = Release|Any CPU
		{7DA560B6-80B5-45DF-9627-D7929779101B}.Ad-Hoc|x86.Build.0 = Release|Any CPU
		{7DA560B6-80B5-45DF-9627-D7929779101B}.AppStore|Any CPU.ActiveCfg = Release|Any CPU
		{7DA560B6-80B5-45DF-9627-D7929779101B}.AppStore|Any CPU.Build.0 = Release|Any CPU
		{7DA560B6-80B5-45DF-9627-D7929779101B}.AppStore|ARM.ActiveCfg = Release|Any CPU
		{7DA560B6-80B5-45DF-9627-D7929779101B}.AppStore|ARM.Build.0 = Release|Any CPU
		{7DA560B6-80B5-45DF-9627-D7929779101B}.AppStore|iPhone.ActiveCfg = Release|Any CPU
		{7DA560B6-80B5-45DF-9627-D7929779101B}.AppStore|iPhone.Build.0 = Release|Any CPU
		{7DA560B6-80B5-45DF-9627-D7929779101B}.AppStore|iPhoneSimulator.ActiveCfg = Release|Any CPU
		{7DA560B6-80B5-45DF-9627-D7929779101B}.AppStore|iPhoneSimulator.Build.0 = Release|Any CPU
		{7DA560B6-80B5-45DF-9627-D7929779101B}.AppStore|x64.ActiveCfg = Release|Any CPU
		{7DA560B6-80B5-45DF-9627-D7929779101B}.AppStore|x64.Build.0 = Release|Any CPU
		{7DA560B6-80B5-45DF-9627-D7929779101B}.AppStore|x86.ActiveCfg = Release|Any CPU
		{7DA560B6-80B5-45DF-9627-D7929779101B}.AppStore|x86.Build.0 = Release|Any CPU
		{7DA560B6-80B5-45DF-9627-D7929779101B}.Debug|Any CPU.ActiveCfg = Debug|Any CPU
		{7DA560B6-80B5-45DF-9627-D7929779101B}.Debug|Any CPU.Build.0 = Debug|Any CPU
		{7DA560B6-80B5-45DF-9627-D7929779101B}.Debug|ARM.ActiveCfg = Debug|Any CPU
		{7DA560B6-80B5-45DF-9627-D7929779101B}.Debug|ARM.Build.0 = Debug|Any CPU
		{7DA560B6-80B5-45DF-9627-D7929779101B}.Debug|iPhone.ActiveCfg = Debug|Any CPU
		{7DA560B6-80B5-45DF-9627-D7929779101B}.Debug|iPhone.Build.0 = Debug|Any CPU
		{7DA560B6-80B5-45DF-9627-D7929779101B}.Debug|iPhoneSimulator.ActiveCfg = Debug|Any CPU
		{7DA560B6-80B5-45DF-9627-D7929779101B}.Debug|iPhoneSimulator.Build.0 = Debug|Any CPU
		{7DA560B6-80B5-45DF-9627-D7929779101B}.Debug|x64.ActiveCfg = Debug|Any CPU
		{7DA560B6-80B5-45DF-9627-D7929779101B}.Debug|x64.Build.0 = Debug|Any CPU
		{7DA560B6-80B5-45DF-9627-D7929779101B}.Debug|x86.ActiveCfg = Debug|Any CPU
		{7DA560B6-80B5-45DF-9627-D7929779101B}.Debug|x86.Build.0 = Debug|Any CPU
		{7DA560B6-80B5-45DF-9627-D7929779101B}.Release|Any CPU.ActiveCfg = Release|Any CPU
		{7DA560B6-80B5-45DF-9627-D7929779101B}.Release|Any CPU.Build.0 = Release|Any CPU
		{7DA560B6-80B5-45DF-9627-D7929779101B}.Release|ARM.ActiveCfg = Release|Any CPU
		{7DA560B6-80B5-45DF-9627-D7929779101B}.Release|ARM.Build.0 = Release|Any CPU
		{7DA560B6-80B5-45DF-9627-D7929779101B}.Release|iPhone.ActiveCfg = Release|Any CPU
		{7DA560B6-80B5-45DF-9627-D7929779101B}.Release|iPhone.Build.0 = Release|Any CPU
		{7DA560B6-80B5-45DF-9627-D7929779101B}.Release|iPhoneSimulator.ActiveCfg = Release|Any CPU
		{7DA560B6-80B5-45DF-9627-D7929779101B}.Release|iPhoneSimulator.Build.0 = Release|Any CPU
		{7DA560B6-80B5-45DF-9627-D7929779101B}.Release|x64.ActiveCfg = Release|Any CPU
		{7DA560B6-80B5-45DF-9627-D7929779101B}.Release|x64.Build.0 = Release|Any CPU
		{7DA560B6-80B5-45DF-9627-D7929779101B}.Release|x86.ActiveCfg = Release|Any CPU
		{7DA560B6-80B5-45DF-9627-D7929779101B}.Release|x86.Build.0 = Release|Any CPU
		{7FCA5CCC-F607-4B2F-9B01-46CA134E47A5}.Ad-Hoc|Any CPU.ActiveCfg = Release|Any CPU
		{7FCA5CCC-F607-4B2F-9B01-46CA134E47A5}.Ad-Hoc|Any CPU.Build.0 = Release|Any CPU
		{7FCA5CCC-F607-4B2F-9B01-46CA134E47A5}.Ad-Hoc|ARM.ActiveCfg = Release|Any CPU
		{7FCA5CCC-F607-4B2F-9B01-46CA134E47A5}.Ad-Hoc|ARM.Build.0 = Release|Any CPU
		{7FCA5CCC-F607-4B2F-9B01-46CA134E47A5}.Ad-Hoc|iPhone.ActiveCfg = Release|Any CPU
		{7FCA5CCC-F607-4B2F-9B01-46CA134E47A5}.Ad-Hoc|iPhone.Build.0 = Release|Any CPU
		{7FCA5CCC-F607-4B2F-9B01-46CA134E47A5}.Ad-Hoc|iPhoneSimulator.ActiveCfg = Release|Any CPU
		{7FCA5CCC-F607-4B2F-9B01-46CA134E47A5}.Ad-Hoc|iPhoneSimulator.Build.0 = Release|Any CPU
		{7FCA5CCC-F607-4B2F-9B01-46CA134E47A5}.Ad-Hoc|x64.ActiveCfg = Release|Any CPU
		{7FCA5CCC-F607-4B2F-9B01-46CA134E47A5}.Ad-Hoc|x64.Build.0 = Release|Any CPU
		{7FCA5CCC-F607-4B2F-9B01-46CA134E47A5}.Ad-Hoc|x86.ActiveCfg = Release|Any CPU
		{7FCA5CCC-F607-4B2F-9B01-46CA134E47A5}.Ad-Hoc|x86.Build.0 = Release|Any CPU
		{7FCA5CCC-F607-4B2F-9B01-46CA134E47A5}.AppStore|Any CPU.ActiveCfg = Release|Any CPU
		{7FCA5CCC-F607-4B2F-9B01-46CA134E47A5}.AppStore|Any CPU.Build.0 = Release|Any CPU
		{7FCA5CCC-F607-4B2F-9B01-46CA134E47A5}.AppStore|ARM.ActiveCfg = Release|Any CPU
		{7FCA5CCC-F607-4B2F-9B01-46CA134E47A5}.AppStore|ARM.Build.0 = Release|Any CPU
		{7FCA5CCC-F607-4B2F-9B01-46CA134E47A5}.AppStore|iPhone.ActiveCfg = Release|Any CPU
		{7FCA5CCC-F607-4B2F-9B01-46CA134E47A5}.AppStore|iPhone.Build.0 = Release|Any CPU
		{7FCA5CCC-F607-4B2F-9B01-46CA134E47A5}.AppStore|iPhoneSimulator.ActiveCfg = Release|Any CPU
		{7FCA5CCC-F607-4B2F-9B01-46CA134E47A5}.AppStore|iPhoneSimulator.Build.0 = Release|Any CPU
		{7FCA5CCC-F607-4B2F-9B01-46CA134E47A5}.AppStore|x64.ActiveCfg = Release|Any CPU
		{7FCA5CCC-F607-4B2F-9B01-46CA134E47A5}.AppStore|x64.Build.0 = Release|Any CPU
		{7FCA5CCC-F607-4B2F-9B01-46CA134E47A5}.AppStore|x86.ActiveCfg = Release|Any CPU
		{7FCA5CCC-F607-4B2F-9B01-46CA134E47A5}.AppStore|x86.Build.0 = Release|Any CPU
		{7FCA5CCC-F607-4B2F-9B01-46CA134E47A5}.Debug|Any CPU.ActiveCfg = Debug|Any CPU
		{7FCA5CCC-F607-4B2F-9B01-46CA134E47A5}.Debug|Any CPU.Build.0 = Debug|Any CPU
		{7FCA5CCC-F607-4B2F-9B01-46CA134E47A5}.Debug|ARM.ActiveCfg = Debug|Any CPU
		{7FCA5CCC-F607-4B2F-9B01-46CA134E47A5}.Debug|ARM.Build.0 = Debug|Any CPU
		{7FCA5CCC-F607-4B2F-9B01-46CA134E47A5}.Debug|iPhone.ActiveCfg = Debug|Any CPU
		{7FCA5CCC-F607-4B2F-9B01-46CA134E47A5}.Debug|iPhone.Build.0 = Debug|Any CPU
		{7FCA5CCC-F607-4B2F-9B01-46CA134E47A5}.Debug|iPhoneSimulator.ActiveCfg = Debug|Any CPU
		{7FCA5CCC-F607-4B2F-9B01-46CA134E47A5}.Debug|iPhoneSimulator.Build.0 = Debug|Any CPU
		{7FCA5CCC-F607-4B2F-9B01-46CA134E47A5}.Debug|x64.ActiveCfg = Debug|Any CPU
		{7FCA5CCC-F607-4B2F-9B01-46CA134E47A5}.Debug|x64.Build.0 = Debug|Any CPU
		{7FCA5CCC-F607-4B2F-9B01-46CA134E47A5}.Debug|x86.ActiveCfg = Debug|Any CPU
		{7FCA5CCC-F607-4B2F-9B01-46CA134E47A5}.Debug|x86.Build.0 = Debug|Any CPU
		{7FCA5CCC-F607-4B2F-9B01-46CA134E47A5}.Release|Any CPU.ActiveCfg = Release|Any CPU
		{7FCA5CCC-F607-4B2F-9B01-46CA134E47A5}.Release|Any CPU.Build.0 = Release|Any CPU
		{7FCA5CCC-F607-4B2F-9B01-46CA134E47A5}.Release|ARM.ActiveCfg = Release|Any CPU
		{7FCA5CCC-F607-4B2F-9B01-46CA134E47A5}.Release|ARM.Build.0 = Release|Any CPU
		{7FCA5CCC-F607-4B2F-9B01-46CA134E47A5}.Release|iPhone.ActiveCfg = Release|Any CPU
		{7FCA5CCC-F607-4B2F-9B01-46CA134E47A5}.Release|iPhone.Build.0 = Release|Any CPU
		{7FCA5CCC-F607-4B2F-9B01-46CA134E47A5}.Release|iPhoneSimulator.ActiveCfg = Release|Any CPU
		{7FCA5CCC-F607-4B2F-9B01-46CA134E47A5}.Release|iPhoneSimulator.Build.0 = Release|Any CPU
		{7FCA5CCC-F607-4B2F-9B01-46CA134E47A5}.Release|x64.ActiveCfg = Release|Any CPU
		{7FCA5CCC-F607-4B2F-9B01-46CA134E47A5}.Release|x64.Build.0 = Release|Any CPU
		{7FCA5CCC-F607-4B2F-9B01-46CA134E47A5}.Release|x86.ActiveCfg = Release|Any CPU
		{7FCA5CCC-F607-4B2F-9B01-46CA134E47A5}.Release|x86.Build.0 = Release|Any CPU
		{6B88C923-3249-4954-B9DE-1285AC39A45C}.Ad-Hoc|Any CPU.ActiveCfg = Release|Any CPU
		{6B88C923-3249-4954-B9DE-1285AC39A45C}.Ad-Hoc|Any CPU.Build.0 = Release|Any CPU
		{6B88C923-3249-4954-B9DE-1285AC39A45C}.Ad-Hoc|ARM.ActiveCfg = Release|Any CPU
		{6B88C923-3249-4954-B9DE-1285AC39A45C}.Ad-Hoc|ARM.Build.0 = Release|Any CPU
		{6B88C923-3249-4954-B9DE-1285AC39A45C}.Ad-Hoc|iPhone.ActiveCfg = Release|Any CPU
		{6B88C923-3249-4954-B9DE-1285AC39A45C}.Ad-Hoc|iPhone.Build.0 = Release|Any CPU
		{6B88C923-3249-4954-B9DE-1285AC39A45C}.Ad-Hoc|iPhoneSimulator.ActiveCfg = Release|Any CPU
		{6B88C923-3249-4954-B9DE-1285AC39A45C}.Ad-Hoc|iPhoneSimulator.Build.0 = Release|Any CPU
		{6B88C923-3249-4954-B9DE-1285AC39A45C}.Ad-Hoc|x64.ActiveCfg = Release|Any CPU
		{6B88C923-3249-4954-B9DE-1285AC39A45C}.Ad-Hoc|x64.Build.0 = Release|Any CPU
		{6B88C923-3249-4954-B9DE-1285AC39A45C}.Ad-Hoc|x86.ActiveCfg = Release|Any CPU
		{6B88C923-3249-4954-B9DE-1285AC39A45C}.Ad-Hoc|x86.Build.0 = Release|Any CPU
		{6B88C923-3249-4954-B9DE-1285AC39A45C}.AppStore|Any CPU.ActiveCfg = Release|Any CPU
		{6B88C923-3249-4954-B9DE-1285AC39A45C}.AppStore|Any CPU.Build.0 = Release|Any CPU
		{6B88C923-3249-4954-B9DE-1285AC39A45C}.AppStore|ARM.ActiveCfg = Release|Any CPU
		{6B88C923-3249-4954-B9DE-1285AC39A45C}.AppStore|ARM.Build.0 = Release|Any CPU
		{6B88C923-3249-4954-B9DE-1285AC39A45C}.AppStore|iPhone.ActiveCfg = Release|Any CPU
		{6B88C923-3249-4954-B9DE-1285AC39A45C}.AppStore|iPhone.Build.0 = Release|Any CPU
		{6B88C923-3249-4954-B9DE-1285AC39A45C}.AppStore|iPhoneSimulator.ActiveCfg = Release|Any CPU
		{6B88C923-3249-4954-B9DE-1285AC39A45C}.AppStore|iPhoneSimulator.Build.0 = Release|Any CPU
		{6B88C923-3249-4954-B9DE-1285AC39A45C}.AppStore|x64.ActiveCfg = Release|Any CPU
		{6B88C923-3249-4954-B9DE-1285AC39A45C}.AppStore|x64.Build.0 = Release|Any CPU
		{6B88C923-3249-4954-B9DE-1285AC39A45C}.AppStore|x86.ActiveCfg = Release|Any CPU
		{6B88C923-3249-4954-B9DE-1285AC39A45C}.AppStore|x86.Build.0 = Release|Any CPU
		{6B88C923-3249-4954-B9DE-1285AC39A45C}.Debug|Any CPU.ActiveCfg = Debug|Any CPU
		{6B88C923-3249-4954-B9DE-1285AC39A45C}.Debug|Any CPU.Build.0 = Debug|Any CPU
		{6B88C923-3249-4954-B9DE-1285AC39A45C}.Debug|ARM.ActiveCfg = Debug|Any CPU
		{6B88C923-3249-4954-B9DE-1285AC39A45C}.Debug|ARM.Build.0 = Debug|Any CPU
		{6B88C923-3249-4954-B9DE-1285AC39A45C}.Debug|iPhone.ActiveCfg = Debug|Any CPU
		{6B88C923-3249-4954-B9DE-1285AC39A45C}.Debug|iPhone.Build.0 = Debug|Any CPU
		{6B88C923-3249-4954-B9DE-1285AC39A45C}.Debug|iPhoneSimulator.ActiveCfg = Debug|Any CPU
		{6B88C923-3249-4954-B9DE-1285AC39A45C}.Debug|iPhoneSimulator.Build.0 = Debug|Any CPU
		{6B88C923-3249-4954-B9DE-1285AC39A45C}.Debug|x64.ActiveCfg = Debug|Any CPU
		{6B88C923-3249-4954-B9DE-1285AC39A45C}.Debug|x64.Build.0 = Debug|Any CPU
		{6B88C923-3249-4954-B9DE-1285AC39A45C}.Debug|x86.ActiveCfg = Debug|Any CPU
		{6B88C923-3249-4954-B9DE-1285AC39A45C}.Debug|x86.Build.0 = Debug|Any CPU
		{6B88C923-3249-4954-B9DE-1285AC39A45C}.Release|Any CPU.ActiveCfg = Release|Any CPU
		{6B88C923-3249-4954-B9DE-1285AC39A45C}.Release|Any CPU.Build.0 = Release|Any CPU
		{6B88C923-3249-4954-B9DE-1285AC39A45C}.Release|ARM.ActiveCfg = Release|Any CPU
		{6B88C923-3249-4954-B9DE-1285AC39A45C}.Release|ARM.Build.0 = Release|Any CPU
		{6B88C923-3249-4954-B9DE-1285AC39A45C}.Release|iPhone.ActiveCfg = Release|Any CPU
		{6B88C923-3249-4954-B9DE-1285AC39A45C}.Release|iPhone.Build.0 = Release|Any CPU
		{6B88C923-3249-4954-B9DE-1285AC39A45C}.Release|iPhoneSimulator.ActiveCfg = Release|Any CPU
		{6B88C923-3249-4954-B9DE-1285AC39A45C}.Release|iPhoneSimulator.Build.0 = Release|Any CPU
		{6B88C923-3249-4954-B9DE-1285AC39A45C}.Release|x64.ActiveCfg = Release|Any CPU
		{6B88C923-3249-4954-B9DE-1285AC39A45C}.Release|x64.Build.0 = Release|Any CPU
		{6B88C923-3249-4954-B9DE-1285AC39A45C}.Release|x86.ActiveCfg = Release|Any CPU
		{6B88C923-3249-4954-B9DE-1285AC39A45C}.Release|x86.Build.0 = Release|Any CPU
		{75F0D5E5-7B8F-4404-B654-B6231988EC4E}.Ad-Hoc|Any CPU.ActiveCfg = Release|Any CPU
		{75F0D5E5-7B8F-4404-B654-B6231988EC4E}.Ad-Hoc|Any CPU.Build.0 = Release|Any CPU
		{75F0D5E5-7B8F-4404-B654-B6231988EC4E}.Ad-Hoc|Any CPU.Deploy.0 = Release|Any CPU
		{75F0D5E5-7B8F-4404-B654-B6231988EC4E}.Ad-Hoc|ARM.ActiveCfg = Release|Any CPU
		{75F0D5E5-7B8F-4404-B654-B6231988EC4E}.Ad-Hoc|ARM.Build.0 = Release|Any CPU
		{75F0D5E5-7B8F-4404-B654-B6231988EC4E}.Ad-Hoc|ARM.Deploy.0 = Release|Any CPU
		{75F0D5E5-7B8F-4404-B654-B6231988EC4E}.Ad-Hoc|iPhone.ActiveCfg = Release|Any CPU
		{75F0D5E5-7B8F-4404-B654-B6231988EC4E}.Ad-Hoc|iPhone.Build.0 = Release|Any CPU
		{75F0D5E5-7B8F-4404-B654-B6231988EC4E}.Ad-Hoc|iPhone.Deploy.0 = Release|Any CPU
		{75F0D5E5-7B8F-4404-B654-B6231988EC4E}.Ad-Hoc|iPhoneSimulator.ActiveCfg = Release|Any CPU
		{75F0D5E5-7B8F-4404-B654-B6231988EC4E}.Ad-Hoc|iPhoneSimulator.Build.0 = Release|Any CPU
		{75F0D5E5-7B8F-4404-B654-B6231988EC4E}.Ad-Hoc|iPhoneSimulator.Deploy.0 = Release|Any CPU
		{75F0D5E5-7B8F-4404-B654-B6231988EC4E}.Ad-Hoc|x64.ActiveCfg = Release|Any CPU
		{75F0D5E5-7B8F-4404-B654-B6231988EC4E}.Ad-Hoc|x64.Build.0 = Release|Any CPU
		{75F0D5E5-7B8F-4404-B654-B6231988EC4E}.Ad-Hoc|x64.Deploy.0 = Release|Any CPU
		{75F0D5E5-7B8F-4404-B654-B6231988EC4E}.Ad-Hoc|x86.ActiveCfg = Release|Any CPU
		{75F0D5E5-7B8F-4404-B654-B6231988EC4E}.Ad-Hoc|x86.Build.0 = Release|Any CPU
		{75F0D5E5-7B8F-4404-B654-B6231988EC4E}.Ad-Hoc|x86.Deploy.0 = Release|Any CPU
		{75F0D5E5-7B8F-4404-B654-B6231988EC4E}.AppStore|Any CPU.ActiveCfg = Release|Any CPU
		{75F0D5E5-7B8F-4404-B654-B6231988EC4E}.AppStore|Any CPU.Build.0 = Release|Any CPU
		{75F0D5E5-7B8F-4404-B654-B6231988EC4E}.AppStore|Any CPU.Deploy.0 = Release|Any CPU
		{75F0D5E5-7B8F-4404-B654-B6231988EC4E}.AppStore|ARM.ActiveCfg = Release|Any CPU
		{75F0D5E5-7B8F-4404-B654-B6231988EC4E}.AppStore|ARM.Build.0 = Release|Any CPU
		{75F0D5E5-7B8F-4404-B654-B6231988EC4E}.AppStore|ARM.Deploy.0 = Release|Any CPU
		{75F0D5E5-7B8F-4404-B654-B6231988EC4E}.AppStore|iPhone.ActiveCfg = Release|Any CPU
		{75F0D5E5-7B8F-4404-B654-B6231988EC4E}.AppStore|iPhone.Build.0 = Release|Any CPU
		{75F0D5E5-7B8F-4404-B654-B6231988EC4E}.AppStore|iPhone.Deploy.0 = Release|Any CPU
		{75F0D5E5-7B8F-4404-B654-B6231988EC4E}.AppStore|iPhoneSimulator.ActiveCfg = Release|Any CPU
		{75F0D5E5-7B8F-4404-B654-B6231988EC4E}.AppStore|iPhoneSimulator.Build.0 = Release|Any CPU
		{75F0D5E5-7B8F-4404-B654-B6231988EC4E}.AppStore|iPhoneSimulator.Deploy.0 = Release|Any CPU
		{75F0D5E5-7B8F-4404-B654-B6231988EC4E}.AppStore|x64.ActiveCfg = Release|Any CPU
		{75F0D5E5-7B8F-4404-B654-B6231988EC4E}.AppStore|x64.Build.0 = Release|Any CPU
		{75F0D5E5-7B8F-4404-B654-B6231988EC4E}.AppStore|x64.Deploy.0 = Release|Any CPU
		{75F0D5E5-7B8F-4404-B654-B6231988EC4E}.AppStore|x86.ActiveCfg = Release|Any CPU
		{75F0D5E5-7B8F-4404-B654-B6231988EC4E}.AppStore|x86.Build.0 = Release|Any CPU
		{75F0D5E5-7B8F-4404-B654-B6231988EC4E}.AppStore|x86.Deploy.0 = Release|Any CPU
		{75F0D5E5-7B8F-4404-B654-B6231988EC4E}.Debug|Any CPU.ActiveCfg = Debug|Any CPU
		{75F0D5E5-7B8F-4404-B654-B6231988EC4E}.Debug|Any CPU.Build.0 = Debug|Any CPU
		{75F0D5E5-7B8F-4404-B654-B6231988EC4E}.Debug|Any CPU.Deploy.0 = Debug|Any CPU
		{75F0D5E5-7B8F-4404-B654-B6231988EC4E}.Debug|ARM.ActiveCfg = Debug|Any CPU
		{75F0D5E5-7B8F-4404-B654-B6231988EC4E}.Debug|ARM.Build.0 = Debug|Any CPU
		{75F0D5E5-7B8F-4404-B654-B6231988EC4E}.Debug|ARM.Deploy.0 = Debug|Any CPU
		{75F0D5E5-7B8F-4404-B654-B6231988EC4E}.Debug|iPhone.ActiveCfg = Debug|Any CPU
		{75F0D5E5-7B8F-4404-B654-B6231988EC4E}.Debug|iPhone.Build.0 = Debug|Any CPU
		{75F0D5E5-7B8F-4404-B654-B6231988EC4E}.Debug|iPhone.Deploy.0 = Debug|Any CPU
		{75F0D5E5-7B8F-4404-B654-B6231988EC4E}.Debug|iPhoneSimulator.ActiveCfg = Debug|Any CPU
		{75F0D5E5-7B8F-4404-B654-B6231988EC4E}.Debug|iPhoneSimulator.Build.0 = Debug|Any CPU
		{75F0D5E5-7B8F-4404-B654-B6231988EC4E}.Debug|iPhoneSimulator.Deploy.0 = Debug|Any CPU
		{75F0D5E5-7B8F-4404-B654-B6231988EC4E}.Debug|x64.ActiveCfg = Debug|Any CPU
		{75F0D5E5-7B8F-4404-B654-B6231988EC4E}.Debug|x64.Build.0 = Debug|Any CPU
		{75F0D5E5-7B8F-4404-B654-B6231988EC4E}.Debug|x64.Deploy.0 = Debug|Any CPU
		{75F0D5E5-7B8F-4404-B654-B6231988EC4E}.Debug|x86.ActiveCfg = Debug|Any CPU
		{75F0D5E5-7B8F-4404-B654-B6231988EC4E}.Debug|x86.Build.0 = Debug|Any CPU
		{75F0D5E5-7B8F-4404-B654-B6231988EC4E}.Debug|x86.Deploy.0 = Debug|Any CPU
		{75F0D5E5-7B8F-4404-B654-B6231988EC4E}.Release|Any CPU.ActiveCfg = Release|Any CPU
		{75F0D5E5-7B8F-4404-B654-B6231988EC4E}.Release|Any CPU.Build.0 = Release|Any CPU
		{75F0D5E5-7B8F-4404-B654-B6231988EC4E}.Release|Any CPU.Deploy.0 = Release|Any CPU
		{75F0D5E5-7B8F-4404-B654-B6231988EC4E}.Release|ARM.ActiveCfg = Release|Any CPU
		{75F0D5E5-7B8F-4404-B654-B6231988EC4E}.Release|ARM.Build.0 = Release|Any CPU
		{75F0D5E5-7B8F-4404-B654-B6231988EC4E}.Release|ARM.Deploy.0 = Release|Any CPU
		{75F0D5E5-7B8F-4404-B654-B6231988EC4E}.Release|iPhone.ActiveCfg = Release|Any CPU
		{75F0D5E5-7B8F-4404-B654-B6231988EC4E}.Release|iPhone.Build.0 = Release|Any CPU
		{75F0D5E5-7B8F-4404-B654-B6231988EC4E}.Release|iPhone.Deploy.0 = Release|Any CPU
		{75F0D5E5-7B8F-4404-B654-B6231988EC4E}.Release|iPhoneSimulator.ActiveCfg = Release|Any CPU
		{75F0D5E5-7B8F-4404-B654-B6231988EC4E}.Release|iPhoneSimulator.Build.0 = Release|Any CPU
		{75F0D5E5-7B8F-4404-B654-B6231988EC4E}.Release|iPhoneSimulator.Deploy.0 = Release|Any CPU
		{75F0D5E5-7B8F-4404-B654-B6231988EC4E}.Release|x64.ActiveCfg = Release|Any CPU
		{75F0D5E5-7B8F-4404-B654-B6231988EC4E}.Release|x64.Build.0 = Release|Any CPU
		{75F0D5E5-7B8F-4404-B654-B6231988EC4E}.Release|x64.Deploy.0 = Release|Any CPU
		{75F0D5E5-7B8F-4404-B654-B6231988EC4E}.Release|x86.ActiveCfg = Release|Any CPU
		{75F0D5E5-7B8F-4404-B654-B6231988EC4E}.Release|x86.Build.0 = Release|Any CPU
		{75F0D5E5-7B8F-4404-B654-B6231988EC4E}.Release|x86.Deploy.0 = Release|Any CPU
		{F79FBFD4-811A-4B6B-915E-1B939577BE48}.Ad-Hoc|Any CPU.ActiveCfg = Release|x86
		{F79FBFD4-811A-4B6B-915E-1B939577BE48}.Ad-Hoc|Any CPU.Build.0 = Release|x86
		{F79FBFD4-811A-4B6B-915E-1B939577BE48}.Ad-Hoc|Any CPU.Deploy.0 = Release|x86
		{F79FBFD4-811A-4B6B-915E-1B939577BE48}.Ad-Hoc|ARM.ActiveCfg = Release|ARM
		{F79FBFD4-811A-4B6B-915E-1B939577BE48}.Ad-Hoc|ARM.Build.0 = Release|ARM
		{F79FBFD4-811A-4B6B-915E-1B939577BE48}.Ad-Hoc|ARM.Deploy.0 = Release|ARM
		{F79FBFD4-811A-4B6B-915E-1B939577BE48}.Ad-Hoc|iPhone.ActiveCfg = Release|x86
		{F79FBFD4-811A-4B6B-915E-1B939577BE48}.Ad-Hoc|iPhone.Build.0 = Release|x86
		{F79FBFD4-811A-4B6B-915E-1B939577BE48}.Ad-Hoc|iPhone.Deploy.0 = Release|x86
		{F79FBFD4-811A-4B6B-915E-1B939577BE48}.Ad-Hoc|iPhoneSimulator.ActiveCfg = Release|x86
		{F79FBFD4-811A-4B6B-915E-1B939577BE48}.Ad-Hoc|iPhoneSimulator.Build.0 = Release|x86
		{F79FBFD4-811A-4B6B-915E-1B939577BE48}.Ad-Hoc|iPhoneSimulator.Deploy.0 = Release|x86
		{F79FBFD4-811A-4B6B-915E-1B939577BE48}.Ad-Hoc|x64.ActiveCfg = Release|x64
		{F79FBFD4-811A-4B6B-915E-1B939577BE48}.Ad-Hoc|x64.Build.0 = Release|x64
		{F79FBFD4-811A-4B6B-915E-1B939577BE48}.Ad-Hoc|x64.Deploy.0 = Release|x64
		{F79FBFD4-811A-4B6B-915E-1B939577BE48}.Ad-Hoc|x86.ActiveCfg = Release|x86
		{F79FBFD4-811A-4B6B-915E-1B939577BE48}.Ad-Hoc|x86.Build.0 = Release|x86
		{F79FBFD4-811A-4B6B-915E-1B939577BE48}.Ad-Hoc|x86.Deploy.0 = Release|x86
		{F79FBFD4-811A-4B6B-915E-1B939577BE48}.AppStore|Any CPU.ActiveCfg = Release|x86
		{F79FBFD4-811A-4B6B-915E-1B939577BE48}.AppStore|Any CPU.Build.0 = Release|x86
		{F79FBFD4-811A-4B6B-915E-1B939577BE48}.AppStore|Any CPU.Deploy.0 = Release|x86
		{F79FBFD4-811A-4B6B-915E-1B939577BE48}.AppStore|ARM.ActiveCfg = Release|ARM
		{F79FBFD4-811A-4B6B-915E-1B939577BE48}.AppStore|ARM.Build.0 = Release|ARM
		{F79FBFD4-811A-4B6B-915E-1B939577BE48}.AppStore|ARM.Deploy.0 = Release|ARM
		{F79FBFD4-811A-4B6B-915E-1B939577BE48}.AppStore|iPhone.ActiveCfg = Release|x86
		{F79FBFD4-811A-4B6B-915E-1B939577BE48}.AppStore|iPhone.Build.0 = Release|x86
		{F79FBFD4-811A-4B6B-915E-1B939577BE48}.AppStore|iPhone.Deploy.0 = Release|x86
		{F79FBFD4-811A-4B6B-915E-1B939577BE48}.AppStore|iPhoneSimulator.ActiveCfg = Release|x86
		{F79FBFD4-811A-4B6B-915E-1B939577BE48}.AppStore|iPhoneSimulator.Build.0 = Release|x86
		{F79FBFD4-811A-4B6B-915E-1B939577BE48}.AppStore|iPhoneSimulator.Deploy.0 = Release|x86
		{F79FBFD4-811A-4B6B-915E-1B939577BE48}.AppStore|x64.ActiveCfg = Release|x64
		{F79FBFD4-811A-4B6B-915E-1B939577BE48}.AppStore|x64.Build.0 = Release|x64
		{F79FBFD4-811A-4B6B-915E-1B939577BE48}.AppStore|x64.Deploy.0 = Release|x64
		{F79FBFD4-811A-4B6B-915E-1B939577BE48}.AppStore|x86.ActiveCfg = Release|x86
		{F79FBFD4-811A-4B6B-915E-1B939577BE48}.AppStore|x86.Build.0 = Release|x86
		{F79FBFD4-811A-4B6B-915E-1B939577BE48}.AppStore|x86.Deploy.0 = Release|x86
		{F79FBFD4-811A-4B6B-915E-1B939577BE48}.Debug|Any CPU.ActiveCfg = Debug|x86
		{F79FBFD4-811A-4B6B-915E-1B939577BE48}.Debug|ARM.ActiveCfg = Debug|ARM
		{F79FBFD4-811A-4B6B-915E-1B939577BE48}.Debug|ARM.Build.0 = Debug|ARM
		{F79FBFD4-811A-4B6B-915E-1B939577BE48}.Debug|ARM.Deploy.0 = Debug|ARM
		{F79FBFD4-811A-4B6B-915E-1B939577BE48}.Debug|iPhone.ActiveCfg = Debug|x86
		{F79FBFD4-811A-4B6B-915E-1B939577BE48}.Debug|iPhoneSimulator.ActiveCfg = Debug|x86
		{F79FBFD4-811A-4B6B-915E-1B939577BE48}.Debug|x64.ActiveCfg = Debug|x64
		{F79FBFD4-811A-4B6B-915E-1B939577BE48}.Debug|x64.Build.0 = Debug|x64
		{F79FBFD4-811A-4B6B-915E-1B939577BE48}.Debug|x64.Deploy.0 = Debug|x64
		{F79FBFD4-811A-4B6B-915E-1B939577BE48}.Debug|x86.ActiveCfg = Debug|x86
		{F79FBFD4-811A-4B6B-915E-1B939577BE48}.Debug|x86.Build.0 = Debug|x86
		{F79FBFD4-811A-4B6B-915E-1B939577BE48}.Debug|x86.Deploy.0 = Debug|x86
		{F79FBFD4-811A-4B6B-915E-1B939577BE48}.Release|Any CPU.ActiveCfg = Release|x86
		{F79FBFD4-811A-4B6B-915E-1B939577BE48}.Release|ARM.ActiveCfg = Release|ARM
		{F79FBFD4-811A-4B6B-915E-1B939577BE48}.Release|ARM.Build.0 = Release|ARM
		{F79FBFD4-811A-4B6B-915E-1B939577BE48}.Release|ARM.Deploy.0 = Release|ARM
		{F79FBFD4-811A-4B6B-915E-1B939577BE48}.Release|iPhone.ActiveCfg = Release|x86
		{F79FBFD4-811A-4B6B-915E-1B939577BE48}.Release|iPhoneSimulator.ActiveCfg = Release|x86
		{F79FBFD4-811A-4B6B-915E-1B939577BE48}.Release|x64.ActiveCfg = Release|x64
		{F79FBFD4-811A-4B6B-915E-1B939577BE48}.Release|x64.Build.0 = Release|x64
		{F79FBFD4-811A-4B6B-915E-1B939577BE48}.Release|x64.Deploy.0 = Release|x64
		{F79FBFD4-811A-4B6B-915E-1B939577BE48}.Release|x86.ActiveCfg = Release|x86
		{F79FBFD4-811A-4B6B-915E-1B939577BE48}.Release|x86.Build.0 = Release|x86
		{F79FBFD4-811A-4B6B-915E-1B939577BE48}.Release|x86.Deploy.0 = Release|x86
		{9B7895C8-CB21-4732-AC02-C34F751FB32A}.Ad-Hoc|Any CPU.ActiveCfg = Debug|Any CPU
		{9B7895C8-CB21-4732-AC02-C34F751FB32A}.Ad-Hoc|Any CPU.Build.0 = Debug|Any CPU
		{9B7895C8-CB21-4732-AC02-C34F751FB32A}.Ad-Hoc|ARM.ActiveCfg = Debug|Any CPU
		{9B7895C8-CB21-4732-AC02-C34F751FB32A}.Ad-Hoc|ARM.Build.0 = Debug|Any CPU
		{9B7895C8-CB21-4732-AC02-C34F751FB32A}.Ad-Hoc|iPhone.ActiveCfg = Debug|Any CPU
		{9B7895C8-CB21-4732-AC02-C34F751FB32A}.Ad-Hoc|iPhone.Build.0 = Debug|Any CPU
		{9B7895C8-CB21-4732-AC02-C34F751FB32A}.Ad-Hoc|iPhoneSimulator.ActiveCfg = Debug|Any CPU
		{9B7895C8-CB21-4732-AC02-C34F751FB32A}.Ad-Hoc|iPhoneSimulator.Build.0 = Debug|Any CPU
		{9B7895C8-CB21-4732-AC02-C34F751FB32A}.Ad-Hoc|x64.ActiveCfg = Debug|Any CPU
		{9B7895C8-CB21-4732-AC02-C34F751FB32A}.Ad-Hoc|x64.Build.0 = Debug|Any CPU
		{9B7895C8-CB21-4732-AC02-C34F751FB32A}.Ad-Hoc|x86.ActiveCfg = Debug|Any CPU
		{9B7895C8-CB21-4732-AC02-C34F751FB32A}.Ad-Hoc|x86.Build.0 = Debug|Any CPU
		{9B7895C8-CB21-4732-AC02-C34F751FB32A}.AppStore|Any CPU.ActiveCfg = Debug|Any CPU
		{9B7895C8-CB21-4732-AC02-C34F751FB32A}.AppStore|Any CPU.Build.0 = Debug|Any CPU
		{9B7895C8-CB21-4732-AC02-C34F751FB32A}.AppStore|ARM.ActiveCfg = Debug|Any CPU
		{9B7895C8-CB21-4732-AC02-C34F751FB32A}.AppStore|ARM.Build.0 = Debug|Any CPU
		{9B7895C8-CB21-4732-AC02-C34F751FB32A}.AppStore|iPhone.ActiveCfg = Debug|Any CPU
		{9B7895C8-CB21-4732-AC02-C34F751FB32A}.AppStore|iPhone.Build.0 = Debug|Any CPU
		{9B7895C8-CB21-4732-AC02-C34F751FB32A}.AppStore|iPhoneSimulator.ActiveCfg = Debug|Any CPU
		{9B7895C8-CB21-4732-AC02-C34F751FB32A}.AppStore|iPhoneSimulator.Build.0 = Debug|Any CPU
		{9B7895C8-CB21-4732-AC02-C34F751FB32A}.AppStore|x64.ActiveCfg = Debug|Any CPU
		{9B7895C8-CB21-4732-AC02-C34F751FB32A}.AppStore|x64.Build.0 = Debug|Any CPU
		{9B7895C8-CB21-4732-AC02-C34F751FB32A}.AppStore|x86.ActiveCfg = Debug|Any CPU
		{9B7895C8-CB21-4732-AC02-C34F751FB32A}.AppStore|x86.Build.0 = Debug|Any CPU
		{9B7895C8-CB21-4732-AC02-C34F751FB32A}.Debug|Any CPU.ActiveCfg = Debug|Any CPU
		{9B7895C8-CB21-4732-AC02-C34F751FB32A}.Debug|Any CPU.Build.0 = Debug|Any CPU
		{9B7895C8-CB21-4732-AC02-C34F751FB32A}.Debug|ARM.ActiveCfg = Debug|Any CPU
		{9B7895C8-CB21-4732-AC02-C34F751FB32A}.Debug|ARM.Build.0 = Debug|Any CPU
		{9B7895C8-CB21-4732-AC02-C34F751FB32A}.Debug|iPhone.ActiveCfg = Debug|Any CPU
		{9B7895C8-CB21-4732-AC02-C34F751FB32A}.Debug|iPhone.Build.0 = Debug|Any CPU
		{9B7895C8-CB21-4732-AC02-C34F751FB32A}.Debug|iPhoneSimulator.ActiveCfg = Debug|Any CPU
		{9B7895C8-CB21-4732-AC02-C34F751FB32A}.Debug|iPhoneSimulator.Build.0 = Debug|Any CPU
		{9B7895C8-CB21-4732-AC02-C34F751FB32A}.Debug|x64.ActiveCfg = Debug|Any CPU
		{9B7895C8-CB21-4732-AC02-C34F751FB32A}.Debug|x64.Build.0 = Debug|Any CPU
		{9B7895C8-CB21-4732-AC02-C34F751FB32A}.Debug|x86.ActiveCfg = Debug|Any CPU
		{9B7895C8-CB21-4732-AC02-C34F751FB32A}.Debug|x86.Build.0 = Debug|Any CPU
		{9B7895C8-CB21-4732-AC02-C34F751FB32A}.Release|Any CPU.ActiveCfg = Release|Any CPU
		{9B7895C8-CB21-4732-AC02-C34F751FB32A}.Release|Any CPU.Build.0 = Release|Any CPU
		{9B7895C8-CB21-4732-AC02-C34F751FB32A}.Release|ARM.ActiveCfg = Release|Any CPU
		{9B7895C8-CB21-4732-AC02-C34F751FB32A}.Release|ARM.Build.0 = Release|Any CPU
		{9B7895C8-CB21-4732-AC02-C34F751FB32A}.Release|iPhone.ActiveCfg = Release|Any CPU
		{9B7895C8-CB21-4732-AC02-C34F751FB32A}.Release|iPhone.Build.0 = Release|Any CPU
		{9B7895C8-CB21-4732-AC02-C34F751FB32A}.Release|iPhoneSimulator.ActiveCfg = Release|Any CPU
		{9B7895C8-CB21-4732-AC02-C34F751FB32A}.Release|iPhoneSimulator.Build.0 = Release|Any CPU
		{9B7895C8-CB21-4732-AC02-C34F751FB32A}.Release|x64.ActiveCfg = Release|Any CPU
		{9B7895C8-CB21-4732-AC02-C34F751FB32A}.Release|x64.Build.0 = Release|Any CPU
		{9B7895C8-CB21-4732-AC02-C34F751FB32A}.Release|x86.ActiveCfg = Release|Any CPU
		{9B7895C8-CB21-4732-AC02-C34F751FB32A}.Release|x86.Build.0 = Release|Any CPU
	EndGlobalSection
	GlobalSection(SolutionProperties) = preSolution
		HideSolutionNode = FALSE
	EndGlobalSection
	GlobalSection(ExtensibilityGlobals) = postSolution
		SolutionGuid = {B296F072-F7B2-4331-94AD-44CC385E4F97}
	EndGlobalSection
EndGlobal
